
Microsoft Visual Studio Solution File, Format Version 12.00
Project("{2150E333-8FDC-42A3-9474-1A3956D46DE8}") = "Core", "Core", "{FC2D3AC5-53B2-462A-9E64-983C92B5DF13}"
EndProject
Project("{2150E333-8FDC-42A3-9474-1A3956D46DE8}") = "Infrastructure", "Infrastructure", "{DD5A1E7A-C0E9-49E7-B25B-6764C9922498}"
EndProject
Project("{2150E333-8FDC-42A3-9474-1A3956D46DE8}") = "WebApi", "WebApi", "{CBADF528-C8D4-4802-A21C-3661692EAED6}"
EndProject
Project("{FAE04EC0-301F-11D3-BF4B-00C04F79EFBC}") = "Testique.API.Application", "Testique.API.Application\Testique.API.Application.csproj", "{EC42FD7B-BBB1-4715-8983-F6EA9FDB4DB1}"
EndProject
Project("{FAE04EC0-301F-11D3-BF4B-00C04F79EFBC}") = "Testique.API.Domain", "Testique.API.Domain\Testique.API.Domain.csproj", "{1C0855CD-ECA5-4415-B769-7968D43D5A09}"
EndProject
Project("{FAE04EC0-301F-11D3-BF4B-00C04F79EFBC}") = "Testique.API.WEB", "Testique.API.WEB\Testique.API.WEB.csproj", "{68A93B5F-FF29-4CE0-A72B-63CBD266C72A}"
EndProject
Project("{FAE04EC0-301F-11D3-BF4B-00C04F79EFBC}") = "Testique.API.Infrastructure", "Testique.API.Infrastructure\Testique.API.Infrastructure.csproj", "{E1F2C20D-2C9F-4021-9E2F-8A3B91E60A40}"
EndProject
Project("{FAE04EC0-301F-11D3-BF4B-00C04F79EFBC}") = "Testique.API.Persistence", "Testique.API.Persistence\Testique.API.Persistence.csproj", "{76555D6E-38DB-440B-8C1A-BFE744DC73B8}"
EndProject
Global
	GlobalSection(SolutionConfigurationPlatforms) = preSolution
		Debug|Any CPU = Debug|Any CPU
		Release|Any CPU = Release|Any CPU
	EndGlobalSection
	GlobalSection(ProjectConfigurationPlatforms) = postSolution
		{EC42FD7B-BBB1-4715-8983-F6EA9FDB4DB1}.Debug|Any CPU.ActiveCfg = Debug|Any CPU
		{EC42FD7B-BBB1-4715-8983-F6EA9FDB4DB1}.Debug|Any CPU.Build.0 = Debug|Any CPU
		{EC42FD7B-BBB1-4715-8983-F6EA9FDB4DB1}.Release|Any CPU.ActiveCfg = Release|Any CPU
		{EC42FD7B-BBB1-4715-8983-F6EA9FDB4DB1}.Release|Any CPU.Build.0 = Release|Any CPU
		{1C0855CD-ECA5-4415-B769-7968D43D5A09}.Debug|Any CPU.ActiveCfg = Debug|Any CPU
		{1C0855CD-ECA5-4415-B769-7968D43D5A09}.Debug|Any CPU.Build.0 = Debug|Any CPU
		{1C0855CD-ECA5-4415-B769-7968D43D5A09}.Release|Any CPU.ActiveCfg = Release|Any CPU
		{1C0855CD-ECA5-4415-B769-7968D43D5A09}.Release|Any CPU.Build.0 = Release|Any CPU
		{68A93B5F-FF29-4CE0-A72B-63CBD266C72A}.Debug|Any CPU.ActiveCfg = Debug|Any CPU
		{68A93B5F-FF29-4CE0-A72B-63CBD266C72A}.Debug|Any CPU.Build.0 = Debug|Any CPU
		{68A93B5F-FF29-4CE0-A72B-63CBD266C72A}.Release|Any CPU.ActiveCfg = Release|Any CPU
		{68A93B5F-FF29-4CE0-A72B-63CBD266C72A}.Release|Any CPU.Build.0 = Release|Any CPU
		{E1F2C20D-2C9F-4021-9E2F-8A3B91E60A40}.Debug|Any CPU.ActiveCfg = Debug|Any CPU
		{E1F2C20D-2C9F-4021-9E2F-8A3B91E60A40}.Debug|Any CPU.Build.0 = Debug|Any CPU
		{E1F2C20D-2C9F-4021-9E2F-8A3B91E60A40}.Release|Any CPU.ActiveCfg = Release|Any CPU
		{E1F2C20D-2C9F-4021-9E2F-8A3B91E60A40}.Release|Any CPU.Build.0 = Release|Any CPU
		{76555D6E-38DB-440B-8C1A-BFE744DC73B8}.Debug|Any CPU.ActiveCfg = Debug|Any CPU
		{76555D6E-38DB-440B-8C1A-BFE744DC73B8}.Debug|Any CPU.Build.0 = Debug|Any CPU
		{76555D6E-38DB-440B-8C1A-BFE744DC73B8}.Release|Any CPU.ActiveCfg = Release|Any CPU
		{76555D6E-38DB-440B-8C1A-BFE744DC73B8}.Release|Any CPU.Build.0 = Release|Any CPU
	EndGlobalSection
	GlobalSection(NestedProjects) = preSolution
		{EC42FD7B-BBB1-4715-8983-F6EA9FDB4DB1} = {FC2D3AC5-53B2-462A-9E64-983C92B5DF13}
		{1C0855CD-ECA5-4415-B769-7968D43D5A09} = {FC2D3AC5-53B2-462A-9E64-983C92B5DF13}
		{68A93B5F-FF29-4CE0-A72B-63CBD266C72A} = {CBADF528-C8D4-4802-A21C-3661692EAED6}
		{E1F2C20D-2C9F-4021-9E2F-8A3B91E60A40} = {DD5A1E7A-C0E9-49E7-B25B-6764C9922498}
		{76555D6E-38DB-440B-8C1A-BFE744DC73B8} = {DD5A1E7A-C0E9-49E7-B25B-6764C9922498}
	EndGlobalSection
EndGlobal
